
Microsoft Visual Studio Solution File, Format Version 12.00
# Visual Studio Version 17
VisualStudioVersion = 17.4.33110.190
MinimumVisualStudioVersion = 10.0.40219.1
Project("{FAE04EC0-301F-11D3-BF4B-00C04F79EFBC}") = "Akka-Coffee", "Akka-Coffee\Akka-Coffee.csproj", "{649A4BA5-0238-419B-90DC-EFF4EA6D7FE0}"
EndProject
Global
	GlobalSection(SolutionConfigurationPlatforms) = preSolution
		Debug|Any CPU = Debug|Any CPU
		Release|Any CPU = Release|Any CPU
	EndGlobalSection
	GlobalSection(ProjectConfigurationPlatforms) = postSolution
		{649A4BA5-0238-419B-90DC-EFF4EA6D7FE0}.Debug|Any CPU.ActiveCfg = Debug|Any CPU
		{649A4BA5-0238-419B-90DC-EFF4EA6D7FE0}.Debug|Any CPU.Build.0 = Debug|Any CPU
		{649A4BA5-0238-419B-90DC-EFF4EA6D7FE0}.Release|Any CPU.ActiveCfg = Release|Any CPU
		{649A4BA5-0238-419B-90DC-EFF4EA6D7FE0}.Release|Any CPU.Build.0 = Release|Any CPU
	EndGlobalSection
	GlobalSection(SolutionProperties) = preSolution
		HideSolutionNode = FALSE
	EndGlobalSection
	GlobalSection(ExtensibilityGlobals) = postSolution
		SolutionGuid = {0F864EB7-0CBF-4DC5-ABFC-BA035125E7DF}
	EndGlobalSection
EndGlobal
